
Microsoft Visual Studio Solution File, Format Version 11.00
# Visual Studio 2010
Project("{FAE04EC0-301F-11D3-BF4B-00C04F79EFBC}") = "Sophie", "Assembly-CSharp.csproj", "{60BEC0A9-9AF2-9E47-B631-E86232E2EACD}"
EndProject
Project("{FAE04EC0-301F-11D3-BF4B-00C04F79EFBC}") = "Sophie", "Assembly-CSharp-Editor.csproj", "{3D0037A6-36D9-6E25-FD04-00B87257F5D2}"
EndProject
Global
	GlobalSection(SolutionConfigurationPlatforms) = preSolution
		Debug|Any CPU = Debug|Any CPU
		Release|Any CPU = Release|Any CPU
	EndGlobalSection
	GlobalSection(ProjectConfigurationPlatforms) = postSolution
		{60BEC0A9-9AF2-9E47-B631-E86232E2EACD}.Debug|Any CPU.ActiveCfg = Debug|Any CPU
		{60BEC0A9-9AF2-9E47-B631-E86232E2EACD}.Debug|Any CPU.Build.0 = Debug|Any CPU
		{60BEC0A9-9AF2-9E47-B631-E86232E2EACD}.Release|Any CPU.ActiveCfg = Release|Any CPU
		{60BEC0A9-9AF2-9E47-B631-E86232E2EACD}.Release|Any CPU.Build.0 = Release|Any CPU
		{3D0037A6-36D9-6E25-FD04-00B87257F5D2}.Debug|Any CPU.ActiveCfg = Debug|Any CPU
		{3D0037A6-36D9-6E25-FD04-00B87257F5D2}.Debug|Any CPU.Build.0 = Debug|Any CPU
		{3D0037A6-36D9-6E25-FD04-00B87257F5D2}.Release|Any CPU.ActiveCfg = Release|Any CPU
		{3D0037A6-36D9-6E25-FD04-00B87257F5D2}.Release|Any CPU.Build.0 = Release|Any CPU
	EndGlobalSection
	GlobalSection(SolutionProperties) = preSolution
		HideSolutionNode = FALSE
	EndGlobalSection
	GlobalSection(MonoDevelopProperties) = preSolution
		StartupItem = Assembly-CSharp.csproj
	EndGlobalSection
EndGlobal
